
Microsoft Visual Studio Solution File, Format Version 12.00
# Visual Studio 15
VisualStudioVersion = 15.0.27703.2026
MinimumVisualStudioVersion = 10.0.40219.1
Project("{FAE04EC0-301F-11D3-BF4B-00C04F79EFBC}") = "Bot.Marcacao", "Bot.Marcacao\Bot.Marcacao.csproj", "{6B81CCA4-A55E-461E-AEAF-B828BBF820A3}"
EndProject
Global
	GlobalSection(SolutionConfigurationPlatforms) = preSolution
		Debug|Any CPU = Debug|Any CPU
		Release|Any CPU = Release|Any CPU
	EndGlobalSection
	GlobalSection(ProjectConfigurationPlatforms) = postSolution
		{6B81CCA4-A55E-461E-AEAF-B828BBF820A3}.Debug|Any CPU.ActiveCfg = Debug|Any CPU
		{6B81CCA4-A55E-461E-AEAF-B828BBF820A3}.Debug|Any CPU.Build.0 = Debug|Any CPU
		{6B81CCA4-A55E-461E-AEAF-B828BBF820A3}.Release|Any CPU.ActiveCfg = Release|Any CPU
		{6B81CCA4-A55E-461E-AEAF-B828BBF820A3}.Release|Any CPU.Build.0 = Release|Any CPU
	EndGlobalSection
	GlobalSection(SolutionProperties) = preSolution
		HideSolutionNode = FALSE
	EndGlobalSection
	GlobalSection(ExtensibilityGlobals) = postSolution
		SolutionGuid = {1143A293-F969-4027-B185-5AAA51A7C1D3}
	EndGlobalSection
EndGlobal
